
Microsoft Visual Studio Solution File, Format Version 12.00
# Visual Studio Version 16
VisualStudioVersion = 16.0.30413.136
MinimumVisualStudioVersion = 10.0.40219.1
Project("{9A19103F-16F7-4668-BE54-9A1E7A4F7556}") = "CheckerApp.Domain", "CheckerApp.Domain\CheckerApp.Domain.csproj", "{5CC6B7F1-2D3F-453F-8539-903BC27E4549}"
EndProject
Project("{9A19103F-16F7-4668-BE54-9A1E7A4F7556}") = "CheckerApp.Application", "CheckerApp.Application\CheckerApp.Application.csproj", "{F6F02BC3-F70F-4C31-8B8C-DB7786EBB0C2}"
EndProject
Project("{9A19103F-16F7-4668-BE54-9A1E7A4F7556}") = "CheckerApp.Infrastructure", "CheckerApp.Infrastructure\CheckerApp.Infrastructure.csproj", "{3CA68912-FD93-4B1E-ADDD-3967223BA2B4}"
EndProject
Project("{9A19103F-16F7-4668-BE54-9A1E7A4F7556}") = "CheckerApp.WebUI", "CheckerApp.WebUI\CheckerApp.WebUI.csproj", "{9B03AEFC-E15A-40A5-9520-605753F8296D}"
EndProject
Project("{9A19103F-16F7-4668-BE54-9A1E7A4F7556}") = "CheckerApp.Api", "CheckerApp.Api\CheckerApp.Api.csproj", "{6B85DFC7-22EC-4981-A14F-2D2A05837470}"
EndProject
Global
	GlobalSection(SolutionConfigurationPlatforms) = preSolution
		Debug|Any CPU = Debug|Any CPU
		Release|Any CPU = Release|Any CPU
	EndGlobalSection
	GlobalSection(ProjectConfigurationPlatforms) = postSolution
		{5CC6B7F1-2D3F-453F-8539-903BC27E4549}.Debug|Any CPU.ActiveCfg = Debug|Any CPU
		{5CC6B7F1-2D3F-453F-8539-903BC27E4549}.Debug|Any CPU.Build.0 = Debug|Any CPU
		{5CC6B7F1-2D3F-453F-8539-903BC27E4549}.Release|Any CPU.ActiveCfg = Release|Any CPU
		{5CC6B7F1-2D3F-453F-8539-903BC27E4549}.Release|Any CPU.Build.0 = Release|Any CPU
		{F6F02BC3-F70F-4C31-8B8C-DB7786EBB0C2}.Debug|Any CPU.ActiveCfg = Debug|Any CPU
		{F6F02BC3-F70F-4C31-8B8C-DB7786EBB0C2}.Debug|Any CPU.Build.0 = Debug|Any CPU
		{F6F02BC3-F70F-4C31-8B8C-DB7786EBB0C2}.Release|Any CPU.ActiveCfg = Release|Any CPU
		{F6F02BC3-F70F-4C31-8B8C-DB7786EBB0C2}.Release|Any CPU.Build.0 = Release|Any CPU
		{3CA68912-FD93-4B1E-ADDD-3967223BA2B4}.Debug|Any CPU.ActiveCfg = Debug|Any CPU
		{3CA68912-FD93-4B1E-ADDD-3967223BA2B4}.Debug|Any CPU.Build.0 = Debug|Any CPU
		{3CA68912-FD93-4B1E-ADDD-3967223BA2B4}.Release|Any CPU.ActiveCfg = Release|Any CPU
		{3CA68912-FD93-4B1E-ADDD-3967223BA2B4}.Release|Any CPU.Build.0 = Release|Any CPU
		{9B03AEFC-E15A-40A5-9520-605753F8296D}.Debug|Any CPU.ActiveCfg = Debug|Any CPU
		{9B03AEFC-E15A-40A5-9520-605753F8296D}.Debug|Any CPU.Build.0 = Debug|Any CPU
		{9B03AEFC-E15A-40A5-9520-605753F8296D}.Release|Any CPU.ActiveCfg = Release|Any CPU
		{9B03AEFC-E15A-40A5-9520-605753F8296D}.Release|Any CPU.Build.0 = Release|Any CPU
		{6B85DFC7-22EC-4981-A14F-2D2A05837470}.Debug|Any CPU.ActiveCfg = Debug|Any CPU
		{6B85DFC7-22EC-4981-A14F-2D2A05837470}.Debug|Any CPU.Build.0 = Debug|Any CPU
		{6B85DFC7-22EC-4981-A14F-2D2A05837470}.Release|Any CPU.ActiveCfg = Release|Any CPU
		{6B85DFC7-22EC-4981-A14F-2D2A05837470}.Release|Any CPU.Build.0 = Release|Any CPU
	EndGlobalSection
	GlobalSection(SolutionProperties) = preSolution
		HideSolutionNode = FALSE
	EndGlobalSection
	GlobalSection(ExtensibilityGlobals) = postSolution
		SolutionGuid = {F87E6A6A-C6F6-48D5-A64C-12D14F9802DC}
	EndGlobalSection
EndGlobal
